
Microsoft Visual Studio Solution File, Format Version 12.00
# Visual Studio Version 16
VisualStudioVersion = 16.0.31112.23
MinimumVisualStudioVersion = 10.0.40219.1
Project("{FAE04EC0-301F-11D3-BF4B-00C04F79EFBC}") = "ValidationControls", "ValidationControls\ValidationControls.csproj", "{84E54470-6375-4850-B259-EA045FE05782}"
EndProject
Global
	GlobalSection(SolutionConfigurationPlatforms) = preSolution
		Debug|Any CPU = Debug|Any CPU
		Release|Any CPU = Release|Any CPU
	EndGlobalSection
	GlobalSection(ProjectConfigurationPlatforms) = postSolution
		{84E54470-6375-4850-B259-EA045FE05782}.Debug|Any CPU.ActiveCfg = Debug|Any CPU
		{84E54470-6375-4850-B259-EA045FE05782}.Debug|Any CPU.Build.0 = Debug|Any CPU
		{84E54470-6375-4850-B259-EA045FE05782}.Release|Any CPU.ActiveCfg = Release|Any CPU
		{84E54470-6375-4850-B259-EA045FE05782}.Release|Any CPU.Build.0 = Release|Any CPU
	EndGlobalSection
	GlobalSection(SolutionProperties) = preSolution
		HideSolutionNode = FALSE
	EndGlobalSection
	GlobalSection(ExtensibilityGlobals) = postSolution
		SolutionGuid = {75C15FE0-44C2-4E44-8310-C33C68892E49}
	EndGlobalSection
EndGlobal
